// !$*UTF8*$!
{
	archiveVersion = 1;
	classes = {
	};
	objectVersion = 46;
	objects = {

/* Begin PBXBuildFile section */
		D495346B1B54FB6C0074538F /* main.m in Sources */ = {isa = PBXBuildFile; fileRef = D495346A1B54FB6C0074538F /* main.m */; };
		D495346E1B54FB6C0074538F /* AppDelegate.m in Sources */ = {isa = PBXBuildFile; fileRef = D495346D1B54FB6C0074538F /* AppDelegate.m */; };
		D49534711B54FB6C0074538F /* ViewController.m in Sources */ = {isa = PBXBuildFile; fileRef = D49534701B54FB6C0074538F /* ViewController.m */; };
		D49534741B54FB6C0074538F /* Main.storyboard in Resources */ = {isa = PBXBuildFile; fileRef = D49534721B54FB6C0074538F /* Main.storyboard */; };
		D49534761B54FB6C0074538F /* Images.xcassets in Resources */ = {isa = PBXBuildFile; fileRef = D49534751B54FB6C0074538F /* Images.xcassets */; };
		D49534791B54FB6C0074538F /* LaunchScreen.xib in Resources */ = {isa = PBXBuildFile; fileRef = D49534771B54FB6C0074538F /* LaunchScreen.xib */; };
		D49534851B54FB6C0074538F /* StoryBoardDemosTests.m in Sources */ = {isa = PBXBuildFile; fileRef = D49534841B54FB6C0074538F /* StoryBoardDemosTests.m */; };
		D49534901B54FBD90074538F /* SecondViewController.m in Sources */ = {isa = PBXBuildFile; fileRef = D495348F1B54FBD90074538F /* SecondViewController.m */; };
		D49534931B54FF690074538F /* ThirdViewController.m in Sources */ = {isa = PBXBuildFile; fileRef = D49534921B54FF690074538F /* ThirdViewController.m */; };
		D49534951B5501FD0074538F /* Settings.bundle in Resources */ = {isa = PBXBuildFile; fileRef = D49534941B5501FD0074538F /* Settings.bundle */; };
/* End PBXBuildFile section */

/* Begin PBXContainerItemProxy section */
		D495347F1B54FB6C0074538F /* PBXContainerItemProxy */ = {
			isa = PBXContainerItemProxy;
			containerPortal = D495345D1B54FB6C0074538F /* Project object */;
			proxyType = 1;
			remoteGlobalIDString = D49534641B54FB6C0074538F;
			remoteInfo = StoryBoardDemos;
		};
/* End PBXContainerItemProxy section */

/* Begin PBXFileReference section */
		D49534651B54FB6C0074538F /* StoryBoardDemos.app */ = {isa = PBXFileReference; explicitFileType = wrapper.application; includeInIndex = 0; path = StoryBoardDemos.app; sourceTree = BUILT_PRODUCTS_DIR; };
		D49534691B54FB6C0074538F /* Info.plist */ = {isa = PBXFileReference; lastKnownFileType = text.plist.xml; path = Info.plist; sourceTree = "<group>"; };
		D495346A1B54FB6C0074538F /* main.m */ = {isa = PBXFileReference; lastKnownFileType = sourcecode.c.objc; path = main.m; sourceTree = "<group>"; };
		D495346C1B54FB6C0074538F /* AppDelegate.h */ = {isa = PBXFileReference; lastKnownFileType = sourcecode.c.h; path = AppDelegate.h; sourceTree = "<group>"; };
		D495346D1B54FB6C0074538F /* AppDelegate.m */ = {isa = PBXFileReference; lastKnownFileType = sourcecode.c.objc; path = AppDelegate.m; sourceTree = "<group>"; };
		D495346F1B54FB6C0074538F /* ViewController.h */ = {isa = PBXFileReference; lastKnownFileType = sourcecode.c.h; path = ViewController.h; sourceTree = "<group>"; };
		D49534701B54FB6C0074538F /* ViewController.m */ = {isa = PBXFileReference; lastKnownFileType = sourcecode.c.objc; path = ViewController.m; sourceTree = "<group>"; };
		D49534731B54FB6C0074538F /* Base */ = {isa = PBXFileReference; lastKnownFileType = file.storyboard; name = Base; path = Base.lproj/Main.storyboard; sourceTree = "<group>"; };
		D49534751B54FB6C0074538F /* Images.xcassets */ = {isa = PBXFileReference; lastKnownFileType = folder.assetcatalog; path = Images.xcassets; sourceTree = "<group>"; };
		D49534781B54FB6C0074538F /* Base */ = {isa = PBXFileReference; lastKnownFileType = file.xib; name = Base; path = Base.lproj/LaunchScreen.xib; sourceTree = "<group>"; };
		D495347E1B54FB6C0074538F /* StoryBoardDemosTests.xctest */ = {isa = PBXFileReference; explicitFileType = wrapper.cfbundle; includeInIndex = 0; path = StoryBoardDemosTests.xctest; sourceTree = BUILT_PRODUCTS_DIR; };
		D49534831B54FB6C0074538F /* Info.plist */ = {isa = PBXFileReference; lastKnownFileType = text.plist.xml; path = Info.plist; sourceTree = "<group>"; };
		D49534841B54FB6C0074538F /* StoryBoardDemosTests.m */ = {isa = PBXFileReference; lastKnownFileType = sourcecode.c.objc; path = StoryBoardDemosTests.m; sourceTree = "<group>"; };
		D495348E1B54FBD90074538F /* SecondViewController.h */ = {isa = PBXFileReference; fileEncoding = 4; lastKnownFileType = sourcecode.c.h; path = SecondViewController.h; sourceTree = "<group>"; };
		D495348F1B54FBD90074538F /* SecondViewController.m */ = {isa = PBXFileReference; fileEncoding = 4; lastKnownFileType = sourcecode.c.objc; path = SecondViewController.m; sourceTree = "<group>"; };
		D49534911B54FF690074538F /* ThirdViewController.h */ = {isa = PBXFileReference; fileEncoding = 4; lastKnownFileType = sourcecode.c.h; path = ThirdViewController.h; sourceTree = "<group>"; };
		D49534921B54FF690074538F /* ThirdViewController.m */ = {isa = PBXFileReference; fileEncoding = 4; lastKnownFileType = sourcecode.c.objc; path = ThirdViewController.m; sourceTree = "<group>"; };
		D49534941B5501FD0074538F /* Settings.bundle */ = {isa = PBXFileReference; lastKnownFileType = "wrapper.plug-in"; name = Settings.bundle; path = ../Settings.bundle; sourceTree = "<group>"; };
/* End PBXFileReference section */

/* Begin PBXFrameworksBuildPhase section */
		D49534621B54FB6C0074538F /* Frameworks */ = {
			isa = PBXFrameworksBuildPhase;
			buildActionMask = 2147483647;
			files = (
			);
			runOnlyForDeploymentPostprocessing = 0;
		};
		D495347B1B54FB6C0074538F /* Frameworks */ = {
			isa = PBXFrameworksBuildPhase;
			buildActionMask = 2147483647;
			files = (
			);
			runOnlyForDeploymentPostprocessing = 0;
		};
/* End PBXFrameworksBuildPhase section */

/* Begin PBXGroup section */
		D495345C1B54FB6C0074538F = {
			isa = PBXGroup;
			children = (
				D49534671B54FB6C0074538F /* StoryBoardDemos */,
				D49534811B54FB6C0074538F /* StoryBoardDemosTests */,
				D49534661B54FB6C0074538F /* Products */,
			);
			sourceTree = "<group>";
		};
		D49534661B54FB6C0074538F /* Products */ = {
			isa = PBXGroup;
			children = (
				D49534651B54FB6C0074538F /* StoryBoardDemos.app */,
				D495347E1B54FB6C0074538F /* StoryBoardDemosTests.xctest */,
			);
			name = Products;
			sourceTree = "<group>";
		};
		D49534671B54FB6C0074538F /* StoryBoardDemos */ = {
			isa = PBXGroup;
			children = (
				D495346C1B54FB6C0074538F /* AppDelegate.h */,
				D495346D1B54FB6C0074538F /* AppDelegate.m */,
				D495346F1B54FB6C0074538F /* ViewController.h */,
				D49534701B54FB6C0074538F /* ViewController.m */,
				D49534721B54FB6C0074538F /* Main.storyboard */,
				D49534751B54FB6C0074538F /* Images.xcassets */,
				D49534771B54FB6C0074538F /* LaunchScreen.xib */,
				D49534681B54FB6C0074538F /* Supporting Files */,
				D495348E1B54FBD90074538F /* SecondViewController.h */,
				D495348F1B54FBD90074538F /* SecondViewController.m */,
				D49534911B54FF690074538F /* ThirdViewController.h */,
				D49534921B54FF690074538F /* ThirdViewController.m */,
			);
			path = StoryBoardDemos;
			sourceTree = "<group>";
		};
		D49534681B54FB6C0074538F /* Supporting Files */ = {
			isa = PBXGroup;
			children = (
				D49534941B5501FD0074538F /* Settings.bundle */,
				D49534691B54FB6C0074538F /* Info.plist */,
				D495346A1B54FB6C0074538F /* main.m */,
			);
			name = "Supporting Files";
			sourceTree = "<group>";
		};
		D49534811B54FB6C0074538F /* StoryBoardDemosTests */ = {
			isa = PBXGroup;
			children = (
				D49534841B54FB6C0074538F /* StoryBoardDemosTests.m */,
				D49534821B54FB6C0074538F /* Supporting Files */,
			);
			path = StoryBoardDemosTests;
			sourceTree = "<group>";
		};
		D49534821B54FB6C0074538F /* Supporting Files */ = {
			isa = PBXGroup;
			children = (
				D49534831B54FB6C0074538F /* Info.plist */,
			);
			name = "Supporting Files";
			sourceTree = "<group>";
		};
/* End PBXGroup section */

/* Begin PBXNativeTarget section */
		D49534641B54FB6C0074538F /* StoryBoardDemos */ = {
			isa = PBXNativeTarget;
			buildConfigurationList = D49534881B54FB6C0074538F /* Build configuration list for PBXNativeTarget "StoryBoardDemos" */;
			buildPhases = (
				D49534611B54FB6C0074538F /* Sources */,
				D49534621B54FB6C0074538F /* Frameworks */,
				D49534631B54FB6C0074538F /* Resources */,
			);
			buildRules = (
			);
			dependencies = (
			);
			name = StoryBoardDemos;
			productName = StoryBoardDemos;
			productReference = D49534651B54FB6C0074538F /* StoryBoardDemos.app */;
			productType = "com.apple.product-type.application";
		};
		D495347D1B54FB6C0074538F /* StoryBoardDemosTests */ = {
			isa = PBXNativeTarget;
			buildConfigurationList = D495348B1B54FB6C0074538F /* Build configuration list for PBXNativeTarget "StoryBoardDemosTests" */;
			buildPhases = (
				D495347A1B54FB6C0074538F /* Sources */,
				D495347B1B54FB6C0074538F /* Frameworks */,
				D495347C1B54FB6C0074538F /* Resources */,
			);
			buildRules = (
			);
			dependencies = (
				D49534801B54FB6C0074538F /* PBXTargetDependency */,
			);
			name = StoryBoardDemosTests;
			productName = StoryBoardDemosTests;
			productReference = D495347E1B54FB6C0074538F /* StoryBoardDemosTests.xctest */;
			productType = "com.apple.product-type.bundle.unit-test";
		};
/* End PBXNativeTarget section */

/* Begin PBXProject section */
		D495345D1B54FB6C0074538F /* Project object */ = {
			isa = PBXProject;
			attributes = {
				LastUpgradeCheck = 0630;
				ORGANIZATIONNAME = "John Gorter";
				TargetAttributes = {
					D49534641B54FB6C0074538F = {
						CreatedOnToolsVersion = 6.3.1;
					};
					D495347D1B54FB6C0074538F = {
						CreatedOnToolsVersion = 6.3.1;
						TestTargetID = D49534641B54FB6C0074538F;
					};
				};
			};
			buildConfigurationList = D49534601B54FB6C0074538F /* Build configuration list for PBXProject "StoryBoardDemos" */;
			compatibilityVersion = "Xcode 3.2";
			developmentRegion = English;
			hasScannedForEncodings = 0;
			knownRegions = (
				en,
				Base,
			);
			mainGroup = D495345C1B54FB6C0074538F;
			productRefGroup = D49534661B54FB6C0074538F /* Products */;
			projectDirPath = "";
			projectRoot = "";
			targets = (
				D49534641B54FB6C0074538F /* StoryBoardDemos */,
				D495347D1B54FB6C0074538F /* StoryBoardDemosTests */,
			);
		};
/* End PBXProject section */

/* Begin PBXResourcesBuildPhase section */
		D49534631B54FB6C0074538F /* Resources */ = {
			isa = PBXResourcesBuildPhase;
			buildActionMask = 2147483647;
			files = (
				D49534951B5501FD0074538F /* Settings.bundle in Resources */,
				D49534741B54FB6C0074538F /* Main.storyboard in Resources */,
				D49534791B54FB6C0074538F /* LaunchScreen.xib in Resources */,
				D49534761B54FB6C0074538F /* Images.xcassets in Resources */,
			);
			runOnlyForDeploymentPostprocessing = 0;
		};
		D495347C1B54FB6C0074538F /* Resources */ = {
			isa = PBXResourcesBuildPhase;
			buildActionMask = 2147483647;
			files = (
			);
			runOnlyForDeploymentPostprocessing = 0;
		};
/* End PBXResourcesBuildPhase section */

/* Begin PBXSourcesBuildPhase section */
		D49534611B54FB6C0074538F /* Sources */ = {
			isa = PBXSourcesBuildPhase;
			buildActionMask = 2147483647;
			files = (
				D49534901B54FBD90074538F /* SecondViewController.m in Sources */,
				D49534931B54FF690074538F /* ThirdViewController.m in Sources */,
				D49534711B54FB6C0074538F /* ViewController.m in Sources */,
				D495346E1B54FB6C0074538F /* AppDelegate.m in Sources */,
				D495346B1B54FB6C0074538F /* main.m in Sources */,
			);
			runOnlyForDeploymentPostprocessing = 0;
		};
		D495347A1B54FB6C0074538F /* Sources */ = {
			isa = PBXSourcesBuildPhase;
			buildActionMask = 2147483647;
			files = (
				D49534851B54FB6C0074538F /* StoryBoardDemosTests.m in Sources */,
			);
			runOnlyForDeploymentPostprocessing = 0;
		};
/* End PBXSourcesBuildPhase section */

/* Begin PBXTargetDependency section */
		D49534801B54FB6C0074538F /* PBXTargetDependency */ = {
			isa = PBXTargetDependency;
			target = D49534641B54FB6C0074538F /* StoryBoardDemos */;
			targetProxy = D495347F1B54FB6C0074538F /* PBXContainerItemProxy */;
		};
/* End PBXTargetDependency section */

/* Begin PBXVariantGroup section */
		D49534721B54FB6C0074538F /* Main.storyboard */ = {
			isa = PBXVariantGroup;
			children = (
				D49534731B54FB6C0074538F /* Base */,
			);
			name = Main.storyboard;
			sourceTree = "<group>";
		};
		D49534771B54FB6C0074538F /* LaunchScreen.xib */ = {
			isa = PBXVariantGroup;
			children = (
				D49534781B54FB6C0074538F /* Base */,
			);
			name = LaunchScreen.xib;
			sourceTree = "<group>";
		};
/* End PBXVariantGroup section */

/* Begin XCBuildConfiguration section */
		D49534861B54FB6C0074538F /* Debug */ = {
			isa = XCBuildConfiguration;
			buildSettings = {
				ALWAYS_SEARCH_USER_PATHS = NO;
				CLANG_CXX_LANGUAGE_STANDARD = "gnu++0x";
				CLANG_CXX_LIBRARY = "libc++";
				CLANG_ENABLE_MODULES = YES;
				CLANG_ENABLE_OBJC_ARC = YES;
				CLANG_WARN_BOOL_CONVERSION = YES;
				CLANG_WARN_CONSTANT_CONVERSION = YES;
				CLANG_WARN_DIRECT_OBJC_ISA_USAGE = YES_ERROR;
				CLANG_WARN_EMPTY_BODY = YES;
				CLANG_WARN_ENUM_CONVERSION = YES;
				CLANG_WARN_INT_CONVERSION = YES;
				CLANG_WARN_OBJC_ROOT_CLASS = YES_ERROR;
				CLANG_WARN_UNREACHABLE_CODE = YES;
				CLANG_WARN__DUPLICATE_METHOD_MATCH = YES;
				"CODE_SIGN_IDENTITY[sdk=iphoneos*]" = "iPhone Developer";
				COPY_PHASE_STRIP = NO;
				DEBUG_INFORMATION_FORMAT = "dwarf-with-dsym";
				ENABLE_STRICT_OBJC_MSGSEND = YES;
				GCC_C_LANGUAGE_STANDARD = gnu99;
				GCC_DYNAMIC_NO_PIC = NO;
				GCC_NO_COMMON_BLOCKS = YES;
				GCC_OPTIMIZATION_LEVEL = 0;
				GCC_PREPROCESSOR_DEFINITIONS = (
					"DEBUG=1",
					"$(inherited)",
				);
				GCC_SYMBOLS_PRIVATE_EXTERN = NO;
				GCC_WARN_64_TO_32_BIT_CONVERSION = YES;
				GCC_WARN_ABOUT_RETURN_TYPE = YES_ERROR;
				GCC_WARN_UNDECLARED_SELECTOR = YES;
				GCC_WARN_UNINITIALIZED_AUTOS = YES_AGGRESSIVE;
				GCC_WARN_UNUSED_FUNCTION = YES;
				GCC_WARN_UNUSED_VARIABLE = YES;
				IPHONEOS_DEPLOYMENT_TARGET = 8.3;
				MTL_ENABLE_DEBUG_INFO = YES;
				ONLY_ACTIVE_ARCH = YES;
				SDKROOT = iphoneos;
			};
			name = Debug;
		};
		D49534871B54FB6C0074538F /* Release */ = {
			isa = XCBuildConfiguration;
			buildSettings = {
				ALWAYS_SEARCH_USER_PATHS = NO;
				CLANG_CXX_LANGUAGE_STANDARD = "gnu++0x";
				CLANG_CXX_LIBRARY = "libc++";
				CLANG_ENABLE_MODULES = YES;
				CLANG_ENABLE_OBJC_ARC = YES;
				CLANG_WARN_BOOL_CONVERSION = YES;
				CLANG_WARN_CONSTANT_CONVERSION = YES;
				CLANG_WARN_DIRECT_OBJC_ISA_USAGE = YES_ERROR;
				CLANG_WARN_EMPTY_BODY = YES;
				CLANG_WARN_ENUM_CONVERSION = YES;
				CLANG_WARN_INT_CONVERSION = YES;
				CLANG_WARN_OBJC_ROOT_CLASS = YES_ERROR;
				CLANG_WARN_UNREACHABLE_CODE = YES;
				CLANG_WARN__DUPLICATE_METHOD_MATCH = YES;
				"CODE_SIGN_IDENTITY[sdk=iphoneos*]" = "iPhone Developer";
				COPY_PHASE_STRIP = NO;
				DEBUG_INFORMATION_FORMAT = "dwarf-with-dsym";
				ENABLE_NS_ASSERTIONS = NO;
				ENABLE_STRICT_OBJC_MSGSEND = YES;
				GCC_C_LANGUAGE_STANDARD = gnu99;
				GCC_NO_COMMON_BLOCKS = YES;
				GCC_WARN_64_TO_32_BIT_CONVERSION = YES;
				GCC_WARN_ABOUT_RETURN_TYPE = YES_ERROR;
				GCC_WARN_UNDECLARED_SELECTOR = YES;
				GCC_WARN_UNINITIALIZED_AUTOS = YES_AGGRESSIVE;
				GCC_WARN_UNUSED_FUNCTION = YES;
				GCC_WARN_UNUSED_VARIABLE = YES;
				IPHONEOS_DEPLOYMENT_TARGET = 8.3;
				MTL_ENABLE_DEBUG_INFO = NO;
				SDKROOT = iphoneos;
				VALIDATE_PRODUCT = YES;
			};
			name = Release;
		};
		D49534891B54FB6C0074538F /* Debug */ = {
			isa = XCBuildConfiguration;
			buildSettings = {
				ASSETCATALOG_COMPILER_APPICON_NAME = AppIcon;
				INFOPLIST_FILE = StoryBoardDemos/Info.plist;
				LD_RUNPATH_SEARCH_PATHS = "$(inherited) @executable_path/Frameworks";
				PRODUCT_NAME = "$(TARGET_NAME)";
			};
			name = Debug;
		};
		D495348A1B54FB6C0074538F /* Release */ = {
			isa = XCBuildConfiguration;
			buildSettings = {
				ASSETCATALOG_COMPILER_APPICON_NAME = AppIcon;
				INFOPLIST_FILE = StoryBoardDemos/Info.plist;
				LD_RUNPATH_SEARCH_PATHS = "$(inherited) @executable_path/Frameworks";
				PRODUCT_NAME = "$(TARGET_NAME)";
			};
			name = Release;
		};
		D495348C1B54FB6C0074538F /* Debug */ = {
			isa = XCBuildConfiguration;
			buildSettings = {
				BUNDLE_LOADER = "$(TEST_HOST)";
				FRAMEWORK_SEARCH_PATHS = (
					"$(SDKROOT)/Developer/Library/Frameworks",
					"$(inherited)",
				);
				GCC_PREPROCESSOR_DEFINITIONS = (
					"DEBUG=1",
					"$(inherited)",
				);
				INFOPLIST_FILE = StoryBoardDemosTests/Info.plist;
				LD_RUNPATH_SEARCH_PATHS = "$(inherited) @executable_path/Frameworks @loader_path/Frameworks";
				PRODUCT_NAME = "$(TARGET_NAME)";
				TEST_HOST = "$(BUILT_PRODUCTS_DIR)/StoryBoardDemos.app/StoryBoardDemos";
			};
			name = Debug;
		};
		D495348D1B54FB6C0074538F /* Release */ = {
			isa = XCBuildConfiguration;
			buildSettings = {
				BUNDLE_LOADER = "$(TEST_HOST)";
				FRAMEWORK_SEARCH_PATHS = (
					"$(SDKROOT)/Developer/Library/Frameworks",
					"$(inherited)",
				);
				INFOPLIST_FILE = StoryBoardDemosTests/Info.plist;
				LD_RUNPATH_SEARCH_PATHS = "$(inherited) @executable_path/Frameworks @loader_path/Frameworks";
				PRODUCT_NAME = "$(TARGET_NAME)";
				TEST_HOST = "$(BUILT_PRODUCTS_DIR)/StoryBoardDemos.app/StoryBoardDemos";
			};
			name = Release;
		};
/* End XCBuildConfiguration section */

/* Begin XCConfigurationList section */
		D49534601B54FB6C0074538F /* Build configuration list for PBXProject "StoryBoardDemos" */ = {
			isa = XCConfigurationList;
			buildConfigurations = (
				D49534861B54FB6C0074538F /* Debug */,
				D49534871B54FB6C0074538F /* Release */,
			);
			defaultConfigurationIsVisible = 0;
			defaultConfigurationName = Release;
		};
		D49534881B54FB6C0074538F /* Build configuration list for PBXNativeTarget "StoryBoardDemos" */ = {
			isa = XCConfigurationList;
			buildConfigurations = (
				D49534891B54FB6C0074538F /* Debug */,
				D495348A1B54FB6C0074538F /* Release */,
			);
			defaultConfigurationIsVisible = 0;
		};
		D495348B1B54FB6C0074538F /* Build configuration list for PBXNativeTarget "StoryBoardDemosTests" */ = {
			isa = XCConfigurationList;
			buildConfigurations = (
				D495348C1B54FB6C0074538F /* Debug */,
				D495348D1B54FB6C0074538F /* Release */,
			);
			defaultConfigurationIsVisible = 0;
		};
/* End XCConfigurationList section */
	};
	rootObject = D495345D1B54FB6C0074538F /* Project object */;
}
